// !$*UTF8*$!
{
	archiveVersion = 1;
	classes = {
	};
	objectVersion = 56;
	objects = {

/* Begin PBXBuildFile section */
		BD1B973F2A36103000E3E234 /* RMSettingsViewViewModel.swift in Sources */ = {isa = PBXBuildFile; fileRef = BD1B973E2A36103000E3E234 /* RMSettingsViewViewModel.swift */; };
		BD1B97412A36106F00E3E234 /* RMSettingsCellViewModel.swift in Sources */ = {isa = PBXBuildFile; fileRef = BD1B97402A36106F00E3E234 /* RMSettingsCellViewModel.swift */; };
		BD1B97432A3610DA00E3E234 /* RMSettingsOption.swift in Sources */ = {isa = PBXBuildFile; fileRef = BD1B97422A3610DA00E3E234 /* RMSettingsOption.swift */; };
		BD1B97462A36147700E3E234 /* RMSettingsView.swift in Sources */ = {isa = PBXBuildFile; fileRef = BD1B97452A36147700E3E234 /* RMSettingsView.swift */; };
		BD25B75C2A37A772005C5727 /* RMLocationView.swift in Sources */ = {isa = PBXBuildFile; fileRef = BD25B75B2A37A772005C5727 /* RMLocationView.swift */; };
		BD25B75F2A37ABBB005C5727 /* RMLocationViewViewModel.swift in Sources */ = {isa = PBXBuildFile; fileRef = BD25B75E2A37ABBB005C5727 /* RMLocationViewViewModel.swift */; };
		BD25B7612A37B2FD005C5727 /* RMGetAllLocationsResponse.swift in Sources */ = {isa = PBXBuildFile; fileRef = BD25B7602A37B2FD005C5727 /* RMGetAllLocationsResponse.swift */; };
		BD25B7632A37B4D8005C5727 /* RMLocationTableViewCell.swift in Sources */ = {isa = PBXBuildFile; fileRef = BD25B7622A37B4D8005C5727 /* RMLocationTableViewCell.swift */; };
		BD25B7652A37B5B4005C5727 /* RMLocationTableViewCellViewModel.swift in Sources */ = {isa = PBXBuildFile; fileRef = BD25B7642A37B5B4005C5727 /* RMLocationTableViewCellViewModel.swift */; };
		BD3F54862A2E78FA007B585C /* RMCharacterPhotoCollectionViewCell.swift in Sources */ = {isa = PBXBuildFile; fileRef = BD3F54852A2E78FA007B585C /* RMCharacterPhotoCollectionViewCell.swift */; };
		BD3F54882A2E7923007B585C /* RMCharacterInfoCollectionViewCell.swift in Sources */ = {isa = PBXBuildFile; fileRef = BD3F54872A2E7923007B585C /* RMCharacterInfoCollectionViewCell.swift */; };
		BD3F548A2A2E7932007B585C /* RMCharacterEpisodeCollectionViewCell.swift in Sources */ = {isa = PBXBuildFile; fileRef = BD3F54892A2E7932007B585C /* RMCharacterEpisodeCollectionViewCell.swift */; };
		BD3F548E2A2E79FA007B585C /* RMCharacterPhotoCollectionViewCellViewModel.swift in Sources */ = {isa = PBXBuildFile; fileRef = BD3F548D2A2E79FA007B585C /* RMCharacterPhotoCollectionViewCellViewModel.swift */; };
		BD3F54902A2E7A1D007B585C /* RMCharacterInfoCollectionViewCellViewModel.swift in Sources */ = {isa = PBXBuildFile; fileRef = BD3F548F2A2E7A1D007B585C /* RMCharacterInfoCollectionViewCellViewModel.swift */; };
		BD3F54922A2E7A34007B585C /* RMCharacterEpisodeCollectionViewCellViewModel.swift in Sources */ = {isa = PBXBuildFile; fileRef = BD3F54912A2E7A34007B585C /* RMCharacterEpisodeCollectionViewCellViewModel.swift */; };
		BD4180F02A2CF2CC000276E9 /* ImageLoader.swift in Sources */ = {isa = PBXBuildFile; fileRef = BD4180EF2A2CF2CC000276E9 /* ImageLoader.swift */; };
		BD4475C42A2A8DC40037E44B /* RMCharacterDetailViewController.swift in Sources */ = {isa = PBXBuildFile; fileRef = BD4475C32A2A8DC40037E44B /* RMCharacterDetailViewController.swift */; };
		BD4475C62A2A8EAB0037E44B /* RMCharacterDetailView.swift in Sources */ = {isa = PBXBuildFile; fileRef = BD4475C52A2A8EAB0037E44B /* RMCharacterDetailView.swift */; };
		BD4475C82A2A8ED20037E44B /* RMCharacterDetailViewViewModel.swift in Sources */ = {isa = PBXBuildFile; fileRef = BD4475C72A2A8ED20037E44B /* RMCharacterDetailViewViewModel.swift */; };
		BD86C59B2A1BFCBB0054367E /* AppDelegate.swift in Sources */ = {isa = PBXBuildFile; fileRef = BD86C59A2A1BFCBB0054367E /* AppDelegate.swift */; };
		BD86C59D2A1BFCBB0054367E /* SceneDelegate.swift in Sources */ = {isa = PBXBuildFile; fileRef = BD86C59C2A1BFCBB0054367E /* SceneDelegate.swift */; };
		BD86C59F2A1BFCBB0054367E /* RMTabBarController.swift in Sources */ = {isa = PBXBuildFile; fileRef = BD86C59E2A1BFCBB0054367E /* RMTabBarController.swift */; };
		BD86C5A42A1BFCBC0054367E /* Assets.xcassets in Resources */ = {isa = PBXBuildFile; fileRef = BD86C5A32A1BFCBC0054367E /* Assets.xcassets */; };
		BD86C5A72A1BFCBC0054367E /* LaunchScreen.storyboard in Resources */ = {isa = PBXBuildFile; fileRef = BD86C5A52A1BFCBC0054367E /* LaunchScreen.storyboard */; };
		BD86C5B72A1C04B70054367E /* RMCharacter.swift in Sources */ = {isa = PBXBuildFile; fileRef = BD86C5B62A1C04B70054367E /* RMCharacter.swift */; };
		BD86C5B92A1C04CE0054367E /* RMLocation.swift in Sources */ = {isa = PBXBuildFile; fileRef = BD86C5B82A1C04CE0054367E /* RMLocation.swift */; };
		BD86C5BB2A1C04D60054367E /* RMEpisode.swift in Sources */ = {isa = PBXBuildFile; fileRef = BD86C5BA2A1C04D60054367E /* RMEpisode.swift */; };
		BD86C5BF2A1C05860054367E /* RMCharacterViewController.swift in Sources */ = {isa = PBXBuildFile; fileRef = BD86C5BE2A1C05860054367E /* RMCharacterViewController.swift */; };
		BD86C5C12A1C05900054367E /* RMLocationViewController.swift in Sources */ = {isa = PBXBuildFile; fileRef = BD86C5C02A1C05900054367E /* RMLocationViewController.swift */; };
		BD86C5C32A1C059A0054367E /* RMEpisodeViewController.swift in Sources */ = {isa = PBXBuildFile; fileRef = BD86C5C22A1C059A0054367E /* RMEpisodeViewController.swift */; };
		BD86C5C52A1C05AD0054367E /* RMSettingsViewController.swift in Sources */ = {isa = PBXBuildFile; fileRef = BD86C5C42A1C05AD0054367E /* RMSettingsViewController.swift */; };
		BDA6B61C2A3479D400031482 /* RMEpisodeInfoCollectionViewCell.swift in Sources */ = {isa = PBXBuildFile; fileRef = BDA6B61B2A3479D400031482 /* RMEpisodeInfoCollectionViewCell.swift */; };
		BDA6B61F2A347A2500031482 /* RMEpisodeInfoCollectionViewCellViewModel.swift in Sources */ = {isa = PBXBuildFile; fileRef = BDA6B61E2A347A2500031482 /* RMEpisodeInfoCollectionViewCellViewModel.swift */; };
		BDA9A75D2A1E9631000A49D5 /* RMServiceError.swift in Sources */ = {isa = PBXBuildFile; fileRef = BDA9A75C2A1E9631000A49D5 /* RMServiceError.swift */; };
		BDA9A7612A1E9BA9000A49D5 /* RMGetAllCharactersResponse.swift in Sources */ = {isa = PBXBuildFile; fileRef = BDA9A7602A1E9BA9000A49D5 /* RMGetAllCharactersResponse.swift */; };
		BDA9A7632A1EA7D7000A49D5 /* RMCharacterListViewViewModel.swift in Sources */ = {isa = PBXBuildFile; fileRef = BDA9A7622A1EA7D7000A49D5 /* RMCharacterListViewViewModel.swift */; };
		BDA9A7652A1EA82D000A49D5 /* RMCharacterListView.swift in Sources */ = {isa = PBXBuildFile; fileRef = BDA9A7642A1EA82D000A49D5 /* RMCharacterListView.swift */; };
		BDA9A7672A1EADCD000A49D5 /* Extensions.swift in Sources */ = {isa = PBXBuildFile; fileRef = BDA9A7662A1EADCD000A49D5 /* Extensions.swift */; };
		BDC4A3542A292B4800DD942A /* RMCharacterCollectionViewCell.swift in Sources */ = {isa = PBXBuildFile; fileRef = BDC4A3532A292B4800DD942A /* RMCharacterCollectionViewCell.swift */; };
		BDC4A3562A292D5100DD942A /* RMCharacterCollectionViewCellViewModel.swift in Sources */ = {isa = PBXBuildFile; fileRef = BDC4A3552A292D5100DD942A /* RMCharacterCollectionViewCellViewModel.swift */; };
		BDC76DDA2A33B0FD00E0465E /* RMEpisodeListView.swift in Sources */ = {isa = PBXBuildFile; fileRef = BDC76DD92A33B0FD00E0465E /* RMEpisodeListView.swift */; };
		BDC76DDD2A33B3D000E0465E /* RMEpisodeListViewViewModel.swift in Sources */ = {isa = PBXBuildFile; fileRef = BDC76DDC2A33B3D000E0465E /* RMEpisodeListViewViewModel.swift */; };
		BDC76DDF2A33B8BE00E0465E /* RMGetAllEpisodesResponse.swift in Sources */ = {isa = PBXBuildFile; fileRef = BDC76DDE2A33B8BE00E0465E /* RMGetAllEpisodesResponse.swift */; };
		BDC76DE12A33C3DC00E0465E /* RMSearchViewController.swift in Sources */ = {isa = PBXBuildFile; fileRef = BDC76DE02A33C3DC00E0465E /* RMSearchViewController.swift */; };
		BDCFFF6B2A2B7DC7004EF9EA /* RMFooterLoadingCollectionReusableView.swift in Sources */ = {isa = PBXBuildFile; fileRef = BDCFFF6A2A2B7DC7004EF9EA /* RMFooterLoadingCollectionReusableView.swift */; };
		BDEA99222A1D27A000DEAB12 /* RMService.swift in Sources */ = {isa = PBXBuildFile; fileRef = BDEA99212A1D27A000DEAB12 /* RMService.swift */; };
		BDEA99242A1D27CC00DEAB12 /* RMRequest.swift in Sources */ = {isa = PBXBuildFile; fileRef = BDEA99232A1D27CC00DEAB12 /* RMRequest.swift */; };
		BDEA99262A1D28F600DEAB12 /* RMEndpoint.swift in Sources */ = {isa = PBXBuildFile; fileRef = BDEA99252A1D28F600DEAB12 /* RMEndpoint.swift */; };
		BDEA99282A1D48B600DEAB12 /* RMOrigin.swift in Sources */ = {isa = PBXBuildFile; fileRef = BDEA99272A1D48B500DEAB12 /* RMOrigin.swift */; };
		BDEA992A2A1D499500DEAB12 /* RMSingleLocation.swift in Sources */ = {isa = PBXBuildFile; fileRef = BDEA99292A1D499500DEAB12 /* RMSingleLocation.swift */; };
		BDEA992D2A1D4A1D00DEAB12 /* RMCharacterStatus.swift in Sources */ = {isa = PBXBuildFile; fileRef = BDEA992C2A1D4A1D00DEAB12 /* RMCharacterStatus.swift */; };
		BDEA992F2A1D4A9E00DEAB12 /* RMCharacterGender.swift in Sources */ = {isa = PBXBuildFile; fileRef = BDEA992E2A1D4A9E00DEAB12 /* RMCharacterGender.swift */; };
		BDFF336D2A32448500EEC995 /* RMEpisodeDetailViewController.swift in Sources */ = {isa = PBXBuildFile; fileRef = BDFF336C2A32448500EEC995 /* RMEpisodeDetailViewController.swift */; };
		BDFF336F2A32496900EEC995 /* RMAPICacheManager.swift in Sources */ = {isa = PBXBuildFile; fileRef = BDFF336E2A32496900EEC995 /* RMAPICacheManager.swift */; };
		BDFF33712A3260FC00EEC995 /* RMEpisodeDetailViewViewModel.swift in Sources */ = {isa = PBXBuildFile; fileRef = BDFF33702A3260FC00EEC995 /* RMEpisodeDetailViewViewModel.swift */; };
		BDFF33732A32613D00EEC995 /* RMEpisodeDetailView.swift in Sources */ = {isa = PBXBuildFile; fileRef = BDFF33722A32613D00EEC995 /* RMEpisodeDetailView.swift */; };
/* End PBXBuildFile section */

/* Begin PBXFileReference section */
		BD1B973E2A36103000E3E234 /* RMSettingsViewViewModel.swift */ = {isa = PBXFileReference; lastKnownFileType = sourcecode.swift; path = RMSettingsViewViewModel.swift; sourceTree = "<group>"; };
		BD1B97402A36106F00E3E234 /* RMSettingsCellViewModel.swift */ = {isa = PBXFileReference; lastKnownFileType = sourcecode.swift; path = RMSettingsCellViewModel.swift; sourceTree = "<group>"; };
		BD1B97422A3610DA00E3E234 /* RMSettingsOption.swift */ = {isa = PBXFileReference; lastKnownFileType = sourcecode.swift; path = RMSettingsOption.swift; sourceTree = "<group>"; };
		BD1B97452A36147700E3E234 /* RMSettingsView.swift */ = {isa = PBXFileReference; lastKnownFileType = sourcecode.swift; path = RMSettingsView.swift; sourceTree = "<group>"; };
		BD25B75B2A37A772005C5727 /* RMLocationView.swift */ = {isa = PBXFileReference; lastKnownFileType = sourcecode.swift; path = RMLocationView.swift; sourceTree = "<group>"; };
		BD25B75E2A37ABBB005C5727 /* RMLocationViewViewModel.swift */ = {isa = PBXFileReference; lastKnownFileType = sourcecode.swift; path = RMLocationViewViewModel.swift; sourceTree = "<group>"; };
		BD25B7602A37B2FD005C5727 /* RMGetAllLocationsResponse.swift */ = {isa = PBXFileReference; lastKnownFileType = sourcecode.swift; path = RMGetAllLocationsResponse.swift; sourceTree = "<group>"; };
		BD25B7622A37B4D8005C5727 /* RMLocationTableViewCell.swift */ = {isa = PBXFileReference; lastKnownFileType = sourcecode.swift; path = RMLocationTableViewCell.swift; sourceTree = "<group>"; };
		BD25B7642A37B5B4005C5727 /* RMLocationTableViewCellViewModel.swift */ = {isa = PBXFileReference; lastKnownFileType = sourcecode.swift; path = RMLocationTableViewCellViewModel.swift; sourceTree = "<group>"; };
		BD3F54852A2E78FA007B585C /* RMCharacterPhotoCollectionViewCell.swift */ = {isa = PBXFileReference; lastKnownFileType = sourcecode.swift; path = RMCharacterPhotoCollectionViewCell.swift; sourceTree = "<group>"; };
		BD3F54872A2E7923007B585C /* RMCharacterInfoCollectionViewCell.swift */ = {isa = PBXFileReference; lastKnownFileType = sourcecode.swift; path = RMCharacterInfoCollectionViewCell.swift; sourceTree = "<group>"; };
		BD3F54892A2E7932007B585C /* RMCharacterEpisodeCollectionViewCell.swift */ = {isa = PBXFileReference; lastKnownFileType = sourcecode.swift; path = RMCharacterEpisodeCollectionViewCell.swift; sourceTree = "<group>"; };
		BD3F548D2A2E79FA007B585C /* RMCharacterPhotoCollectionViewCellViewModel.swift */ = {isa = PBXFileReference; lastKnownFileType = sourcecode.swift; path = RMCharacterPhotoCollectionViewCellViewModel.swift; sourceTree = "<group>"; };
		BD3F548F2A2E7A1D007B585C /* RMCharacterInfoCollectionViewCellViewModel.swift */ = {isa = PBXFileReference; lastKnownFileType = sourcecode.swift; path = RMCharacterInfoCollectionViewCellViewModel.swift; sourceTree = "<group>"; };
		BD3F54912A2E7A34007B585C /* RMCharacterEpisodeCollectionViewCellViewModel.swift */ = {isa = PBXFileReference; lastKnownFileType = sourcecode.swift; path = RMCharacterEpisodeCollectionViewCellViewModel.swift; sourceTree = "<group>"; };
		BD4180EF2A2CF2CC000276E9 /* ImageLoader.swift */ = {isa = PBXFileReference; lastKnownFileType = sourcecode.swift; path = ImageLoader.swift; sourceTree = "<group>"; };
		BD4475C32A2A8DC40037E44B /* RMCharacterDetailViewController.swift */ = {isa = PBXFileReference; lastKnownFileType = sourcecode.swift; path = RMCharacterDetailViewController.swift; sourceTree = "<group>"; };
		BD4475C52A2A8EAB0037E44B /* RMCharacterDetailView.swift */ = {isa = PBXFileReference; lastKnownFileType = sourcecode.swift; path = RMCharacterDetailView.swift; sourceTree = "<group>"; };
		BD4475C72A2A8ED20037E44B /* RMCharacterDetailViewViewModel.swift */ = {isa = PBXFileReference; lastKnownFileType = sourcecode.swift; path = RMCharacterDetailViewViewModel.swift; sourceTree = "<group>"; };
		BD86C5972A1BFCBB0054367E /* Rick and Morty.app */ = {isa = PBXFileReference; explicitFileType = wrapper.application; includeInIndex = 0; path = "Rick and Morty.app"; sourceTree = BUILT_PRODUCTS_DIR; };
		BD86C59A2A1BFCBB0054367E /* AppDelegate.swift */ = {isa = PBXFileReference; lastKnownFileType = sourcecode.swift; path = AppDelegate.swift; sourceTree = "<group>"; };
		BD86C59C2A1BFCBB0054367E /* SceneDelegate.swift */ = {isa = PBXFileReference; lastKnownFileType = sourcecode.swift; path = SceneDelegate.swift; sourceTree = "<group>"; };
		BD86C59E2A1BFCBB0054367E /* RMTabBarController.swift */ = {isa = PBXFileReference; lastKnownFileType = sourcecode.swift; path = RMTabBarController.swift; sourceTree = "<group>"; };
		BD86C5A32A1BFCBC0054367E /* Assets.xcassets */ = {isa = PBXFileReference; lastKnownFileType = folder.assetcatalog; path = Assets.xcassets; sourceTree = "<group>"; };
		BD86C5A62A1BFCBC0054367E /* Base */ = {isa = PBXFileReference; lastKnownFileType = file.storyboard; name = Base; path = Base.lproj/LaunchScreen.storyboard; sourceTree = "<group>"; };
		BD86C5A82A1BFCBC0054367E /* Info.plist */ = {isa = PBXFileReference; lastKnownFileType = text.plist.xml; path = Info.plist; sourceTree = "<group>"; };
		BD86C5B62A1C04B70054367E /* RMCharacter.swift */ = {isa = PBXFileReference; lastKnownFileType = sourcecode.swift; path = RMCharacter.swift; sourceTree = "<group>"; };
		BD86C5B82A1C04CE0054367E /* RMLocation.swift */ = {isa = PBXFileReference; lastKnownFileType = sourcecode.swift; path = RMLocation.swift; sourceTree = "<group>"; };
		BD86C5BA2A1C04D60054367E /* RMEpisode.swift */ = {isa = PBXFileReference; lastKnownFileType = sourcecode.swift; path = RMEpisode.swift; sourceTree = "<group>"; };
		BD86C5BE2A1C05860054367E /* RMCharacterViewController.swift */ = {isa = PBXFileReference; lastKnownFileType = sourcecode.swift; path = RMCharacterViewController.swift; sourceTree = "<group>"; };
		BD86C5C02A1C05900054367E /* RMLocationViewController.swift */ = {isa = PBXFileReference; lastKnownFileType = sourcecode.swift; path = RMLocationViewController.swift; sourceTree = "<group>"; };
		BD86C5C22A1C059A0054367E /* RMEpisodeViewController.swift */ = {isa = PBXFileReference; lastKnownFileType = sourcecode.swift; path = RMEpisodeViewController.swift; sourceTree = "<group>"; };
		BD86C5C42A1C05AD0054367E /* RMSettingsViewController.swift */ = {isa = PBXFileReference; lastKnownFileType = sourcecode.swift; path = RMSettingsViewController.swift; sourceTree = "<group>"; };
		BDA6B61B2A3479D400031482 /* RMEpisodeInfoCollectionViewCell.swift */ = {isa = PBXFileReference; lastKnownFileType = sourcecode.swift; path = RMEpisodeInfoCollectionViewCell.swift; sourceTree = "<group>"; };
		BDA6B61E2A347A2500031482 /* RMEpisodeInfoCollectionViewCellViewModel.swift */ = {isa = PBXFileReference; lastKnownFileType = sourcecode.swift; path = RMEpisodeInfoCollectionViewCellViewModel.swift; sourceTree = "<group>"; };
		BDA9A75C2A1E9631000A49D5 /* RMServiceError.swift */ = {isa = PBXFileReference; lastKnownFileType = sourcecode.swift; path = RMServiceError.swift; sourceTree = "<group>"; };
		BDA9A7602A1E9BA9000A49D5 /* RMGetAllCharactersResponse.swift */ = {isa = PBXFileReference; lastKnownFileType = sourcecode.swift; path = RMGetAllCharactersResponse.swift; sourceTree = "<group>"; };
		BDA9A7622A1EA7D7000A49D5 /* RMCharacterListViewViewModel.swift */ = {isa = PBXFileReference; lastKnownFileType = sourcecode.swift; path = RMCharacterListViewViewModel.swift; sourceTree = "<group>"; };
		BDA9A7642A1EA82D000A49D5 /* RMCharacterListView.swift */ = {isa = PBXFileReference; lastKnownFileType = sourcecode.swift; path = RMCharacterListView.swift; sourceTree = "<group>"; };
		BDA9A7662A1EADCD000A49D5 /* Extensions.swift */ = {isa = PBXFileReference; lastKnownFileType = sourcecode.swift; path = Extensions.swift; sourceTree = "<group>"; };
		BDC4A3532A292B4800DD942A /* RMCharacterCollectionViewCell.swift */ = {isa = PBXFileReference; lastKnownFileType = sourcecode.swift; path = RMCharacterCollectionViewCell.swift; sourceTree = "<group>"; };
		BDC4A3552A292D5100DD942A /* RMCharacterCollectionViewCellViewModel.swift */ = {isa = PBXFileReference; lastKnownFileType = sourcecode.swift; path = RMCharacterCollectionViewCellViewModel.swift; sourceTree = "<group>"; };
		BDC76DD92A33B0FD00E0465E /* RMEpisodeListView.swift */ = {isa = PBXFileReference; lastKnownFileType = sourcecode.swift; path = RMEpisodeListView.swift; sourceTree = "<group>"; };
		BDC76DDC2A33B3D000E0465E /* RMEpisodeListViewViewModel.swift */ = {isa = PBXFileReference; lastKnownFileType = sourcecode.swift; path = RMEpisodeListViewViewModel.swift; sourceTree = "<group>"; };
		BDC76DDE2A33B8BE00E0465E /* RMGetAllEpisodesResponse.swift */ = {isa = PBXFileReference; lastKnownFileType = sourcecode.swift; path = RMGetAllEpisodesResponse.swift; sourceTree = "<group>"; };
		BDC76DE02A33C3DC00E0465E /* RMSearchViewController.swift */ = {isa = PBXFileReference; lastKnownFileType = sourcecode.swift; path = RMSearchViewController.swift; sourceTree = "<group>"; };
		BDCFFF6A2A2B7DC7004EF9EA /* RMFooterLoadingCollectionReusableView.swift */ = {isa = PBXFileReference; lastKnownFileType = sourcecode.swift; path = RMFooterLoadingCollectionReusableView.swift; sourceTree = "<group>"; };
		BDEA99212A1D27A000DEAB12 /* RMService.swift */ = {isa = PBXFileReference; lastKnownFileType = sourcecode.swift; path = RMService.swift; sourceTree = "<group>"; };
		BDEA99232A1D27CC00DEAB12 /* RMRequest.swift */ = {isa = PBXFileReference; lastKnownFileType = sourcecode.swift; path = RMRequest.swift; sourceTree = "<group>"; };
		BDEA99252A1D28F600DEAB12 /* RMEndpoint.swift */ = {isa = PBXFileReference; lastKnownFileType = sourcecode.swift; path = RMEndpoint.swift; sourceTree = "<group>"; };
		BDEA99272A1D48B500DEAB12 /* RMOrigin.swift */ = {isa = PBXFileReference; lastKnownFileType = sourcecode.swift; path = RMOrigin.swift; sourceTree = "<group>"; };
		BDEA99292A1D499500DEAB12 /* RMSingleLocation.swift */ = {isa = PBXFileReference; lastKnownFileType = sourcecode.swift; path = RMSingleLocation.swift; sourceTree = "<group>"; };
		BDEA992C2A1D4A1D00DEAB12 /* RMCharacterStatus.swift */ = {isa = PBXFileReference; lastKnownFileType = sourcecode.swift; path = RMCharacterStatus.swift; sourceTree = "<group>"; };
		BDEA992E2A1D4A9E00DEAB12 /* RMCharacterGender.swift */ = {isa = PBXFileReference; lastKnownFileType = sourcecode.swift; path = RMCharacterGender.swift; sourceTree = "<group>"; };
		BDFF336C2A32448500EEC995 /* RMEpisodeDetailViewController.swift */ = {isa = PBXFileReference; lastKnownFileType = sourcecode.swift; path = RMEpisodeDetailViewController.swift; sourceTree = "<group>"; };
		BDFF336E2A32496900EEC995 /* RMAPICacheManager.swift */ = {isa = PBXFileReference; lastKnownFileType = sourcecode.swift; path = RMAPICacheManager.swift; sourceTree = "<group>"; };
		BDFF33702A3260FC00EEC995 /* RMEpisodeDetailViewViewModel.swift */ = {isa = PBXFileReference; lastKnownFileType = sourcecode.swift; path = RMEpisodeDetailViewViewModel.swift; sourceTree = "<group>"; };
		BDFF33722A32613D00EEC995 /* RMEpisodeDetailView.swift */ = {isa = PBXFileReference; lastKnownFileType = sourcecode.swift; path = RMEpisodeDetailView.swift; sourceTree = "<group>"; };
/* End PBXFileReference section */

/* Begin PBXFrameworksBuildPhase section */
		BD86C5942A1BFCBB0054367E /* Frameworks */ = {
			isa = PBXFrameworksBuildPhase;
			buildActionMask = 2147483647;
			files = (
			);
			runOnlyForDeploymentPostprocessing = 0;
		};
/* End PBXFrameworksBuildPhase section */

/* Begin PBXGroup section */
		BD1B973D2A36101F00E3E234 /* Settings */ = {
			isa = PBXGroup;
			children = (
				BD1B973E2A36103000E3E234 /* RMSettingsViewViewModel.swift */,
				BD1B97402A36106F00E3E234 /* RMSettingsCellViewModel.swift */,
				BD1B97422A3610DA00E3E234 /* RMSettingsOption.swift */,
			);
			path = Settings;
			sourceTree = "<group>";
		};
		BD1B97442A36144500E3E234 /* SwiftUI */ = {
			isa = PBXGroup;
			children = (
				BD1B97452A36147700E3E234 /* RMSettingsView.swift */,
			);
			path = SwiftUI;
			sourceTree = "<group>";
		};
		BD25B75A2A37A755005C5727 /* Location */ = {
			isa = PBXGroup;
			children = (
				BD25B75B2A37A772005C5727 /* RMLocationView.swift */,
				BD25B7622A37B4D8005C5727 /* RMLocationTableViewCell.swift */,
			);
			path = Location;
			sourceTree = "<group>";
		};
		BD25B75D2A37ABAD005C5727 /* Location */ = {
			isa = PBXGroup;
			children = (
				BD25B75E2A37ABBB005C5727 /* RMLocationViewViewModel.swift */,
				BD25B7642A37B5B4005C5727 /* RMLocationTableViewCellViewModel.swift */,
			);
			path = Location;
			sourceTree = "<group>";
		};
		BD3F54832A2E7888007B585C /* CharacterDetail */ = {
			isa = PBXGroup;
			children = (
				BD4475C72A2A8ED20037E44B /* RMCharacterDetailViewViewModel.swift */,
				BD3F548D2A2E79FA007B585C /* RMCharacterPhotoCollectionViewCellViewModel.swift */,
				BD3F548F2A2E7A1D007B585C /* RMCharacterInfoCollectionViewCellViewModel.swift */,
				BD3F54912A2E7A34007B585C /* RMCharacterEpisodeCollectionViewCellViewModel.swift */,
			);
			path = CharacterDetail;
			sourceTree = "<group>";
		};
		BD3F54842A2E7894007B585C /* Character */ = {
			isa = PBXGroup;
			children = (
				BDA9A7622A1EA7D7000A49D5 /* RMCharacterListViewViewModel.swift */,
				BDC4A3552A292D5100DD942A /* RMCharacterCollectionViewCellViewModel.swift */,
			);
			path = Character;
			sourceTree = "<group>";
		};
		BD3F548B2A2E79AB007B585C /* CharacterDetail */ = {
			isa = PBXGroup;
			children = (
				BD4475C52A2A8EAB0037E44B /* RMCharacterDetailView.swift */,
				BD3F54852A2E78FA007B585C /* RMCharacterPhotoCollectionViewCell.swift */,
				BD3F54872A2E7923007B585C /* RMCharacterInfoCollectionViewCell.swift */,
				BD3F54892A2E7932007B585C /* RMCharacterEpisodeCollectionViewCell.swift */,
			);
			path = CharacterDetail;
			sourceTree = "<group>";
		};
		BD3F548C2A2E79CA007B585C /* Character */ = {
			isa = PBXGroup;
			children = (
				BDA9A7642A1EA82D000A49D5 /* RMCharacterListView.swift */,
				BDC4A3532A292B4800DD942A /* RMCharacterCollectionViewCell.swift */,
			);
			path = Character;
			sourceTree = "<group>";
		};
		BD4475C22A2A8D950037E44B /* Other */ = {
			isa = PBXGroup;
			children = (
				BD4475C32A2A8DC40037E44B /* RMCharacterDetailViewController.swift */,
				BDFF336C2A32448500EEC995 /* RMEpisodeDetailViewController.swift */,
				BDC76DE02A33C3DC00E0465E /* RMSearchViewController.swift */,
			);
			path = Other;
			sourceTree = "<group>";
		};
		BD86C58E2A1BFCBB0054367E = {
			isa = PBXGroup;
			children = (
				BD86C5992A1BFCBB0054367E /* Rick and Morty */,
				BD86C5982A1BFCBB0054367E /* Products */,
			);
			sourceTree = "<group>";
		};
		BD86C5982A1BFCBB0054367E /* Products */ = {
			isa = PBXGroup;
			children = (
				BD86C5972A1BFCBB0054367E /* Rick and Morty.app */,
			);
			name = Products;
			sourceTree = "<group>";
		};
		BD86C5992A1BFCBB0054367E /* Rick and Morty */ = {
			isa = PBXGroup;
			children = (
				BD86C5B22A1C03640054367E /* Resources */,
				BD86C5B52A1C03820054367E /* APIClient */,
				BD86C5B42A1C03720054367E /* Managers */,
				BD86C5B32A1C036B0054367E /* Controllers */,
				BD86C5AE2A1C03330054367E /* Models */,
				BD86C5AF2A1C03390054367E /* Views */,
				BD86C5B12A1C034F0054367E /* ViewModels */,
				BD86C5A82A1BFCBC0054367E /* Info.plist */,
			);
			path = "Rick and Morty";
			sourceTree = "<group>";
		};
		BD86C5AE2A1C03330054367E /* Models */ = {
			isa = PBXGroup;
			children = (
				BDA9A75F2A1E9B8A000A49D5 /* APIResponseTypes */,
				BDA9A75E2A1E9B7B000A49D5 /* DataTypes */,
			);
			path = Models;
			sourceTree = "<group>";
		};
		BD86C5AF2A1C03390054367E /* Views */ = {
			isa = PBXGroup;
			children = (
				BD25B75A2A37A755005C5727 /* Location */,
				BD1B97442A36144500E3E234 /* SwiftUI */,
				BDA6B61A2A34781400031482 /* EpisodeDetails */,
				BDC76DD82A33B0E800E0465E /* Episode */,
				BD3F548C2A2E79CA007B585C /* Character */,
				BD3F548B2A2E79AB007B585C /* CharacterDetail */,
				BDCFFF6A2A2B7DC7004EF9EA /* RMFooterLoadingCollectionReusableView.swift */,
			);
			path = Views;
			sourceTree = "<group>";
		};
		BD86C5B12A1C034F0054367E /* ViewModels */ = {
			isa = PBXGroup;
			children = (
				BD25B75D2A37ABAD005C5727 /* Location */,
				BD1B973D2A36101F00E3E234 /* Settings */,
				BDA6B61D2A347A0700031482 /* EpisodeDetail */,
				BDC76DDB2A33B3BF00E0465E /* Episode */,
				BD3F54842A2E7894007B585C /* Character */,
				BD3F54832A2E7888007B585C /* CharacterDetail */,
			);
			path = ViewModels;
			sourceTree = "<group>";
		};
		BD86C5B22A1C03640054367E /* Resources */ = {
			isa = PBXGroup;
			children = (
				BD86C5A32A1BFCBC0054367E /* Assets.xcassets */,
				BD86C5A52A1BFCBC0054367E /* LaunchScreen.storyboard */,
				BD86C59A2A1BFCBB0054367E /* AppDelegate.swift */,
				BD86C59C2A1BFCBB0054367E /* SceneDelegate.swift */,
				BDA9A7662A1EADCD000A49D5 /* Extensions.swift */,
			);
			path = Resources;
			sourceTree = "<group>";
		};
		BD86C5B32A1C036B0054367E /* Controllers */ = {
			isa = PBXGroup;
			children = (
				BD4475C22A2A8D950037E44B /* Other */,
				BD86C5BC2A1C054D0054367E /* Core */,
			);
			path = Controllers;
			sourceTree = "<group>";
		};
		BD86C5B42A1C03720054367E /* Managers */ = {
			isa = PBXGroup;
			children = (
				BD4180EF2A2CF2CC000276E9 /* ImageLoader.swift */,
				BDFF336E2A32496900EEC995 /* RMAPICacheManager.swift */,
			);
			path = Managers;
			sourceTree = "<group>";
		};
		BD86C5B52A1C03820054367E /* APIClient */ = {
			isa = PBXGroup;
			children = (
				BDEA99212A1D27A000DEAB12 /* RMService.swift */,
				BDEA99232A1D27CC00DEAB12 /* RMRequest.swift */,
				BDEA99252A1D28F600DEAB12 /* RMEndpoint.swift */,
				BDA9A75C2A1E9631000A49D5 /* RMServiceError.swift */,
			);
			path = APIClient;
			sourceTree = "<group>";
		};
		BD86C5BC2A1C054D0054367E /* Core */ = {
			isa = PBXGroup;
			children = (
				BD86C59E2A1BFCBB0054367E /* RMTabBarController.swift */,
				BD86C5BE2A1C05860054367E /* RMCharacterViewController.swift */,
				BD86C5C02A1C05900054367E /* RMLocationViewController.swift */,
				BD86C5C22A1C059A0054367E /* RMEpisodeViewController.swift */,
				BD86C5C42A1C05AD0054367E /* RMSettingsViewController.swift */,
			);
			path = Core;
			sourceTree = "<group>";
		};
		BDA6B61A2A34781400031482 /* EpisodeDetails */ = {
			isa = PBXGroup;
			children = (
				BDFF33722A32613D00EEC995 /* RMEpisodeDetailView.swift */,
				BDA6B61B2A3479D400031482 /* RMEpisodeInfoCollectionViewCell.swift */,
			);
			path = EpisodeDetails;
			sourceTree = "<group>";
		};
		BDA6B61D2A347A0700031482 /* EpisodeDetail */ = {
			isa = PBXGroup;
			children = (
				BDFF33702A3260FC00EEC995 /* RMEpisodeDetailViewViewModel.swift */,
				BDA6B61E2A347A2500031482 /* RMEpisodeInfoCollectionViewCellViewModel.swift */,
			);
			path = EpisodeDetail;
			sourceTree = "<group>";
		};
		BDA9A75E2A1E9B7B000A49D5 /* DataTypes */ = {
			isa = PBXGroup;
			children = (
				BD86C5B62A1C04B70054367E /* RMCharacter.swift */,
				BD86C5B82A1C04CE0054367E /* RMLocation.swift */,
				BD86C5BA2A1C04D60054367E /* RMEpisode.swift */,
				BDEA99272A1D48B500DEAB12 /* RMOrigin.swift */,
				BDEA99292A1D499500DEAB12 /* RMSingleLocation.swift */,
				BDEA992C2A1D4A1D00DEAB12 /* RMCharacterStatus.swift */,
				BDEA992E2A1D4A9E00DEAB12 /* RMCharacterGender.swift */,
			);
			path = DataTypes;
			sourceTree = "<group>";
		};
		BDA9A75F2A1E9B8A000A49D5 /* APIResponseTypes */ = {
			isa = PBXGroup;
			children = (
				BDA9A7602A1E9BA9000A49D5 /* RMGetAllCharactersResponse.swift */,
				BDC76DDE2A33B8BE00E0465E /* RMGetAllEpisodesResponse.swift */,
				BD25B7602A37B2FD005C5727 /* RMGetAllLocationsResponse.swift */,
			);
			path = APIResponseTypes;
			sourceTree = "<group>";
		};
		BDC76DD82A33B0E800E0465E /* Episode */ = {
			isa = PBXGroup;
			children = (
				BDC76DD92A33B0FD00E0465E /* RMEpisodeListView.swift */,
			);
			path = Episode;
			sourceTree = "<group>";
		};
		BDC76DDB2A33B3BF00E0465E /* Episode */ = {
			isa = PBXGroup;
			children = (
				BDC76DDC2A33B3D000E0465E /* RMEpisodeListViewViewModel.swift */,
			);
			path = Episode;
			sourceTree = "<group>";
		};
/* End PBXGroup section */

/* Begin PBXNativeTarget section */
		BD86C5962A1BFCBB0054367E /* Rick and Morty */ = {
			isa = PBXNativeTarget;
			buildConfigurationList = BD86C5AB2A1BFCBC0054367E /* Build configuration list for PBXNativeTarget "Rick and Morty" */;
			buildPhases = (
				BD86C5932A1BFCBB0054367E /* Sources */,
				BD86C5942A1BFCBB0054367E /* Frameworks */,
				BD86C5952A1BFCBB0054367E /* Resources */,
			);
			buildRules = (
			);
			dependencies = (
			);
			name = "Rick and Morty";
			productName = "Rick and Morty";
			productReference = BD86C5972A1BFCBB0054367E /* Rick and Morty.app */;
			productType = "com.apple.product-type.application";
		};
/* End PBXNativeTarget section */

/* Begin PBXProject section */
		BD86C58F2A1BFCBB0054367E /* Project object */ = {
			isa = PBXProject;
			attributes = {
				BuildIndependentTargetsInParallel = 1;
				LastSwiftUpdateCheck = 1430;
				LastUpgradeCheck = 1430;
				TargetAttributes = {
					BD86C5962A1BFCBB0054367E = {
						CreatedOnToolsVersion = 14.3;
					};
				};
			};
			buildConfigurationList = BD86C5922A1BFCBB0054367E /* Build configuration list for PBXProject "Rick and Morty" */;
			compatibilityVersion = "Xcode 14.0";
			developmentRegion = en;
			hasScannedForEncodings = 0;
			knownRegions = (
				en,
				Base,
			);
			mainGroup = BD86C58E2A1BFCBB0054367E;
			productRefGroup = BD86C5982A1BFCBB0054367E /* Products */;
			projectDirPath = "";
			projectRoot = "";
			targets = (
				BD86C5962A1BFCBB0054367E /* Rick and Morty */,
			);
		};
/* End PBXProject section */

/* Begin PBXResourcesBuildPhase section */
		BD86C5952A1BFCBB0054367E /* Resources */ = {
			isa = PBXResourcesBuildPhase;
			buildActionMask = 2147483647;
			files = (
				BD86C5A72A1BFCBC0054367E /* LaunchScreen.storyboard in Resources */,
				BD86C5A42A1BFCBC0054367E /* Assets.xcassets in Resources */,
			);
			runOnlyForDeploymentPostprocessing = 0;
		};
/* End PBXResourcesBuildPhase section */

/* Begin PBXSourcesBuildPhase section */
		BD86C5932A1BFCBB0054367E /* Sources */ = {
			isa = PBXSourcesBuildPhase;
			buildActionMask = 2147483647;
			files = (
				BD3F548E2A2E79FA007B585C /* RMCharacterPhotoCollectionViewCellViewModel.swift in Sources */,
				BDFF33732A32613D00EEC995 /* RMEpisodeDetailView.swift in Sources */,
				BDEA99282A1D48B600DEAB12 /* RMOrigin.swift in Sources */,
				BD1B973F2A36103000E3E234 /* RMSettingsViewViewModel.swift in Sources */,
				BD3F548A2A2E7932007B585C /* RMCharacterEpisodeCollectionViewCell.swift in Sources */,
				BDC76DDD2A33B3D000E0465E /* RMEpisodeListViewViewModel.swift in Sources */,
				BDEA992A2A1D499500DEAB12 /* RMSingleLocation.swift in Sources */,
				BDEA992D2A1D4A1D00DEAB12 /* RMCharacterStatus.swift in Sources */,
				BD4180F02A2CF2CC000276E9 /* ImageLoader.swift in Sources */,
				BDEA992F2A1D4A9E00DEAB12 /* RMCharacterGender.swift in Sources */,
				BD1B97432A3610DA00E3E234 /* RMSettingsOption.swift in Sources */,
				BD86C5C12A1C05900054367E /* RMLocationViewController.swift in Sources */,
				BD86C5BB2A1C04D60054367E /* RMEpisode.swift in Sources */,
				BDFF33712A3260FC00EEC995 /* RMEpisodeDetailViewViewModel.swift in Sources */,
				BD86C5B72A1C04B70054367E /* RMCharacter.swift in Sources */,
				BD3F54882A2E7923007B585C /* RMCharacterInfoCollectionViewCell.swift in Sources */,
				BD86C5C32A1C059A0054367E /* RMEpisodeViewController.swift in Sources */,
				BDA6B61C2A3479D400031482 /* RMEpisodeInfoCollectionViewCell.swift in Sources */,
				BD86C59F2A1BFCBB0054367E /* RMTabBarController.swift in Sources */,
				BDA9A7672A1EADCD000A49D5 /* Extensions.swift in Sources */,
				BDA9A7652A1EA82D000A49D5 /* RMCharacterListView.swift in Sources */,
				BD4475C42A2A8DC40037E44B /* RMCharacterDetailViewController.swift in Sources */,
				BDFF336D2A32448500EEC995 /* RMEpisodeDetailViewController.swift in Sources */,
				BD86C5B92A1C04CE0054367E /* RMLocation.swift in Sources */,
				BD86C5C52A1C05AD0054367E /* RMSettingsViewController.swift in Sources */,
				BD3F54902A2E7A1D007B585C /* RMCharacterInfoCollectionViewCellViewModel.swift in Sources */,
				BDA9A75D2A1E9631000A49D5 /* RMServiceError.swift in Sources */,
				BDEA99222A1D27A000DEAB12 /* RMService.swift in Sources */,
				BD25B75F2A37ABBB005C5727 /* RMLocationViewViewModel.swift in Sources */,
				BD4475C82A2A8ED20037E44B /* RMCharacterDetailViewViewModel.swift in Sources */,
				BDC76DDA2A33B0FD00E0465E /* RMEpisodeListView.swift in Sources */,
				BD3F54922A2E7A34007B585C /* RMCharacterEpisodeCollectionViewCellViewModel.swift in Sources */,
				BD1B97412A36106F00E3E234 /* RMSettingsCellViewModel.swift in Sources */,
				BD86C59B2A1BFCBB0054367E /* AppDelegate.swift in Sources */,
				BDEA99262A1D28F600DEAB12 /* RMEndpoint.swift in Sources */,
				BD1B97462A36147700E3E234 /* RMSettingsView.swift in Sources */,
				BDC76DE12A33C3DC00E0465E /* RMSearchViewController.swift in Sources */,
				BDC76DDF2A33B8BE00E0465E /* RMGetAllEpisodesResponse.swift in Sources */,
				BD4475C62A2A8EAB0037E44B /* RMCharacterDetailView.swift in Sources */,
				BD25B75C2A37A772005C5727 /* RMLocationView.swift in Sources */,
				BD86C59D2A1BFCBB0054367E /* SceneDelegate.swift in Sources */,
				BDFF336F2A32496900EEC995 /* RMAPICacheManager.swift in Sources */,
				BDA9A7612A1E9BA9000A49D5 /* RMGetAllCharactersResponse.swift in Sources */,
				BDC4A3542A292B4800DD942A /* RMCharacterCollectionViewCell.swift in Sources */,
				BD3F54862A2E78FA007B585C /* RMCharacterPhotoCollectionViewCell.swift in Sources */,
				BD25B7632A37B4D8005C5727 /* RMLocationTableViewCell.swift in Sources */,
				BD25B7652A37B5B4005C5727 /* RMLocationTableViewCellViewModel.swift in Sources */,
				BDA6B61F2A347A2500031482 /* RMEpisodeInfoCollectionViewCellViewModel.swift in Sources */,
				BDEA99242A1D27CC00DEAB12 /* RMRequest.swift in Sources */,
				BDCFFF6B2A2B7DC7004EF9EA /* RMFooterLoadingCollectionReusableView.swift in Sources */,
				BDA9A7632A1EA7D7000A49D5 /* RMCharacterListViewViewModel.swift in Sources */,
				BD25B7612A37B2FD005C5727 /* RMGetAllLocationsResponse.swift in Sources */,
				BDC4A3562A292D5100DD942A /* RMCharacterCollectionViewCellViewModel.swift in Sources */,
				BD86C5BF2A1C05860054367E /* RMCharacterViewController.swift in Sources */,
			);
			runOnlyForDeploymentPostprocessing = 0;
		};
/* End PBXSourcesBuildPhase section */

/* Begin PBXVariantGroup section */
		BD86C5A52A1BFCBC0054367E /* LaunchScreen.storyboard */ = {
			isa = PBXVariantGroup;
			children = (
				BD86C5A62A1BFCBC0054367E /* Base */,
			);
			name = LaunchScreen.storyboard;
			sourceTree = "<group>";
		};
/* End PBXVariantGroup section */

/* Begin XCBuildConfiguration section */
		BD86C5A92A1BFCBC0054367E /* Debug */ = {
			isa = XCBuildConfiguration;
			buildSettings = {
				ALWAYS_SEARCH_USER_PATHS = NO;
				CLANG_ANALYZER_NONNULL = YES;
				CLANG_ANALYZER_NUMBER_OBJECT_CONVERSION = YES_AGGRESSIVE;
				CLANG_CXX_LANGUAGE_STANDARD = "gnu++20";
				CLANG_ENABLE_MODULES = YES;
				CLANG_ENABLE_OBJC_ARC = YES;
				CLANG_ENABLE_OBJC_WEAK = YES;
				CLANG_WARN_BLOCK_CAPTURE_AUTORELEASING = YES;
				CLANG_WARN_BOOL_CONVERSION = YES;
				CLANG_WARN_COMMA = YES;
				CLANG_WARN_CONSTANT_CONVERSION = YES;
				CLANG_WARN_DEPRECATED_OBJC_IMPLEMENTATIONS = YES;
				CLANG_WARN_DIRECT_OBJC_ISA_USAGE = YES_ERROR;
				CLANG_WARN_DOCUMENTATION_COMMENTS = YES;
				CLANG_WARN_EMPTY_BODY = YES;
				CLANG_WARN_ENUM_CONVERSION = YES;
				CLANG_WARN_INFINITE_RECURSION = YES;
				CLANG_WARN_INT_CONVERSION = YES;
				CLANG_WARN_NON_LITERAL_NULL_CONVERSION = YES;
				CLANG_WARN_OBJC_IMPLICIT_RETAIN_SELF = YES;
				CLANG_WARN_OBJC_LITERAL_CONVERSION = YES;
				CLANG_WARN_OBJC_ROOT_CLASS = YES_ERROR;
				CLANG_WARN_QUOTED_INCLUDE_IN_FRAMEWORK_HEADER = YES;
				CLANG_WARN_RANGE_LOOP_ANALYSIS = YES;
				CLANG_WARN_STRICT_PROTOTYPES = YES;
				CLANG_WARN_SUSPICIOUS_MOVE = YES;
				CLANG_WARN_UNGUARDED_AVAILABILITY = YES_AGGRESSIVE;
				CLANG_WARN_UNREACHABLE_CODE = YES;
				CLANG_WARN__DUPLICATE_METHOD_MATCH = YES;
				COPY_PHASE_STRIP = NO;
				DEBUG_INFORMATION_FORMAT = dwarf;
				ENABLE_STRICT_OBJC_MSGSEND = YES;
				ENABLE_TESTABILITY = YES;
				GCC_C_LANGUAGE_STANDARD = gnu11;
				GCC_DYNAMIC_NO_PIC = NO;
				GCC_NO_COMMON_BLOCKS = YES;
				GCC_OPTIMIZATION_LEVEL = 0;
				GCC_PREPROCESSOR_DEFINITIONS = (
					"DEBUG=1",
					"$(inherited)",
				);
				GCC_WARN_64_TO_32_BIT_CONVERSION = YES;
				GCC_WARN_ABOUT_RETURN_TYPE = YES_ERROR;
				GCC_WARN_UNDECLARED_SELECTOR = YES;
				GCC_WARN_UNINITIALIZED_AUTOS = YES_AGGRESSIVE;
				GCC_WARN_UNUSED_FUNCTION = YES;
				GCC_WARN_UNUSED_VARIABLE = YES;
				IPHONEOS_DEPLOYMENT_TARGET = 16.4;
				MTL_ENABLE_DEBUG_INFO = INCLUDE_SOURCE;
				MTL_FAST_MATH = YES;
				ONLY_ACTIVE_ARCH = YES;
				SDKROOT = iphoneos;
				SWIFT_ACTIVE_COMPILATION_CONDITIONS = DEBUG;
				SWIFT_OPTIMIZATION_LEVEL = "-Onone";
			};
			name = Debug;
		};
		BD86C5AA2A1BFCBC0054367E /* Release */ = {
			isa = XCBuildConfiguration;
			buildSettings = {
				ALWAYS_SEARCH_USER_PATHS = NO;
				CLANG_ANALYZER_NONNULL = YES;
				CLANG_ANALYZER_NUMBER_OBJECT_CONVERSION = YES_AGGRESSIVE;
				CLANG_CXX_LANGUAGE_STANDARD = "gnu++20";
				CLANG_ENABLE_MODULES = YES;
				CLANG_ENABLE_OBJC_ARC = YES;
				CLANG_ENABLE_OBJC_WEAK = YES;
				CLANG_WARN_BLOCK_CAPTURE_AUTORELEASING = YES;
				CLANG_WARN_BOOL_CONVERSION = YES;
				CLANG_WARN_COMMA = YES;
				CLANG_WARN_CONSTANT_CONVERSION = YES;
				CLANG_WARN_DEPRECATED_OBJC_IMPLEMENTATIONS = YES;
				CLANG_WARN_DIRECT_OBJC_ISA_USAGE = YES_ERROR;
				CLANG_WARN_DOCUMENTATION_COMMENTS = YES;
				CLANG_WARN_EMPTY_BODY = YES;
				CLANG_WARN_ENUM_CONVERSION = YES;
				CLANG_WARN_INFINITE_RECURSION = YES;
				CLANG_WARN_INT_CONVERSION = YES;
				CLANG_WARN_NON_LITERAL_NULL_CONVERSION = YES;
				CLANG_WARN_OBJC_IMPLICIT_RETAIN_SELF = YES;
				CLANG_WARN_OBJC_LITERAL_CONVERSION = YES;
				CLANG_WARN_OBJC_ROOT_CLASS = YES_ERROR;
				CLANG_WARN_QUOTED_INCLUDE_IN_FRAMEWORK_HEADER = YES;
				CLANG_WARN_RANGE_LOOP_ANALYSIS = YES;
				CLANG_WARN_STRICT_PROTOTYPES = YES;
				CLANG_WARN_SUSPICIOUS_MOVE = YES;
				CLANG_WARN_UNGUARDED_AVAILABILITY = YES_AGGRESSIVE;
				CLANG_WARN_UNREACHABLE_CODE = YES;
				CLANG_WARN__DUPLICATE_METHOD_MATCH = YES;
				COPY_PHASE_STRIP = NO;
				DEBUG_INFORMATION_FORMAT = "dwarf-with-dsym";
				ENABLE_NS_ASSERTIONS = NO;
				ENABLE_STRICT_OBJC_MSGSEND = YES;
				GCC_C_LANGUAGE_STANDARD = gnu11;
				GCC_NO_COMMON_BLOCKS = YES;
				GCC_WARN_64_TO_32_BIT_CONVERSION = YES;
				GCC_WARN_ABOUT_RETURN_TYPE = YES_ERROR;
				GCC_WARN_UNDECLARED_SELECTOR = YES;
				GCC_WARN_UNINITIALIZED_AUTOS = YES_AGGRESSIVE;
				GCC_WARN_UNUSED_FUNCTION = YES;
				GCC_WARN_UNUSED_VARIABLE = YES;
				IPHONEOS_DEPLOYMENT_TARGET = 16.4;
				MTL_ENABLE_DEBUG_INFO = NO;
				MTL_FAST_MATH = YES;
				SDKROOT = iphoneos;
				SWIFT_COMPILATION_MODE = wholemodule;
				SWIFT_OPTIMIZATION_LEVEL = "-O";
				VALIDATE_PRODUCT = YES;
			};
			name = Release;
		};
		BD86C5AC2A1BFCBC0054367E /* Debug */ = {
			isa = XCBuildConfiguration;
			buildSettings = {
				ASSETCATALOG_COMPILER_APPICON_NAME = AppIcon;
				ASSETCATALOG_COMPILER_GLOBAL_ACCENT_COLOR_NAME = AccentColor;
				CODE_SIGN_STYLE = Automatic;
				CURRENT_PROJECT_VERSION = 1;
				DEVELOPMENT_TEAM = 3B5DUCPRT7;
				GENERATE_INFOPLIST_FILE = YES;
				INFOPLIST_FILE = "Rick and Morty/Info.plist";
				INFOPLIST_KEY_CFBundleDisplayName = "Rick&Morty";
				INFOPLIST_KEY_LSApplicationCategoryType = "public.app-category.entertainment";
				INFOPLIST_KEY_UIApplicationSupportsIndirectInputEvents = YES;
				INFOPLIST_KEY_UILaunchStoryboardName = LaunchScreen;
				INFOPLIST_KEY_UISupportedInterfaceOrientations_iPad = "UIInterfaceOrientationPortrait UIInterfaceOrientationPortraitUpsideDown UIInterfaceOrientationLandscapeLeft UIInterfaceOrientationLandscapeRight";
				INFOPLIST_KEY_UISupportedInterfaceOrientations_iPhone = "UIInterfaceOrientationPortrait UIInterfaceOrientationLandscapeLeft UIInterfaceOrientationLandscapeRight";
				LD_RUNPATH_SEARCH_PATHS = (
					"$(inherited)",
					"@executable_path/Frameworks",
				);
				MARKETING_VERSION = 1.0;
				PRODUCT_BUNDLE_IDENTIFIER = "com.example.Rick-and-Morty";
				PRODUCT_NAME = "$(TARGET_NAME)";
				SWIFT_EMIT_LOC_STRINGS = YES;
				SWIFT_VERSION = 5.0;
				TARGETED_DEVICE_FAMILY = "1,2";
			};
			name = Debug;
		};
		BD86C5AD2A1BFCBC0054367E /* Release */ = {
			isa = XCBuildConfiguration;
			buildSettings = {
				ASSETCATALOG_COMPILER_APPICON_NAME = AppIcon;
				ASSETCATALOG_COMPILER_GLOBAL_ACCENT_COLOR_NAME = AccentColor;
				CODE_SIGN_STYLE = Automatic;
				CURRENT_PROJECT_VERSION = 1;
				DEVELOPMENT_TEAM = 3B5DUCPRT7;
				GENERATE_INFOPLIST_FILE = YES;
				INFOPLIST_FILE = "Rick and Morty/Info.plist";
				INFOPLIST_KEY_CFBundleDisplayName = "Rick&Morty";
				INFOPLIST_KEY_LSApplicationCategoryType = "public.app-category.entertainment";
				INFOPLIST_KEY_UIApplicationSupportsIndirectInputEvents = YES;
				INFOPLIST_KEY_UILaunchStoryboardName = LaunchScreen;
				INFOPLIST_KEY_UISupportedInterfaceOrientations_iPad = "UIInterfaceOrientationPortrait UIInterfaceOrientationPortraitUpsideDown UIInterfaceOrientationLandscapeLeft UIInterfaceOrientationLandscapeRight";
				INFOPLIST_KEY_UISupportedInterfaceOrientations_iPhone = "UIInterfaceOrientationPortrait UIInterfaceOrientationLandscapeLeft UIInterfaceOrientationLandscapeRight";
				LD_RUNPATH_SEARCH_PATHS = (
					"$(inherited)",
					"@executable_path/Frameworks",
				);
				MARKETING_VERSION = 1.0;
				PRODUCT_BUNDLE_IDENTIFIER = "com.example.Rick-and-Morty";
				PRODUCT_NAME = "$(TARGET_NAME)";
				SWIFT_EMIT_LOC_STRINGS = YES;
				SWIFT_VERSION = 5.0;
				TARGETED_DEVICE_FAMILY = "1,2";
			};
			name = Release;
		};
/* End XCBuildConfiguration section */

/* Begin XCConfigurationList section */
		BD86C5922A1BFCBB0054367E /* Build configuration list for PBXProject "Rick and Morty" */ = {
			isa = XCConfigurationList;
			buildConfigurations = (
				BD86C5A92A1BFCBC0054367E /* Debug */,
				BD86C5AA2A1BFCBC0054367E /* Release */,
			);
			defaultConfigurationIsVisible = 0;
			defaultConfigurationName = Release;
		};
		BD86C5AB2A1BFCBC0054367E /* Build configuration list for PBXNativeTarget "Rick and Morty" */ = {
			isa = XCConfigurationList;
			buildConfigurations = (
				BD86C5AC2A1BFCBC0054367E /* Debug */,
				BD86C5AD2A1BFCBC0054367E /* Release */,
			);
			defaultConfigurationIsVisible = 0;
			defaultConfigurationName = Release;
		};
/* End XCConfigurationList section */
	};
	rootObject = BD86C58F2A1BFCBB0054367E /* Project object */;
}
