// !$*UTF8*$!
{
	archiveVersion = 1;
	classes = {
	};
	objectVersion = 56;
	objects = {

/* Begin PBXBuildFile section */
		BD86C59B2A1BFCBB0054367E /* AppDelegate.swift in Sources */ = {isa = PBXBuildFile; fileRef = BD86C59A2A1BFCBB0054367E /* AppDelegate.swift */; };
		BD86C59D2A1BFCBB0054367E /* SceneDelegate.swift in Sources */ = {isa = PBXBuildFile; fileRef = BD86C59C2A1BFCBB0054367E /* SceneDelegate.swift */; };
		BD86C59F2A1BFCBB0054367E /* RMTabBarController.swift in Sources */ = {isa = PBXBuildFile; fileRef = BD86C59E2A1BFCBB0054367E /* RMTabBarController.swift */; };
		BD86C5A42A1BFCBC0054367E /* Assets.xcassets in Resources */ = {isa = PBXBuildFile; fileRef = BD86C5A32A1BFCBC0054367E /* Assets.xcassets */; };
		BD86C5A72A1BFCBC0054367E /* LaunchScreen.storyboard in Resources */ = {isa = PBXBuildFile; fileRef = BD86C5A52A1BFCBC0054367E /* LaunchScreen.storyboard */; };
		BD86C5B72A1C04B70054367E /* RMCharacter.swift in Sources */ = {isa = PBXBuildFile; fileRef = BD86C5B62A1C04B70054367E /* RMCharacter.swift */; };
		BD86C5B92A1C04CE0054367E /* RMLocation.swift in Sources */ = {isa = PBXBuildFile; fileRef = BD86C5B82A1C04CE0054367E /* RMLocation.swift */; };
		BD86C5BB2A1C04D60054367E /* RMEpisode.swift in Sources */ = {isa = PBXBuildFile; fileRef = BD86C5BA2A1C04D60054367E /* RMEpisode.swift */; };
		BD86C5BF2A1C05860054367E /* RMCharacterViewController.swift in Sources */ = {isa = PBXBuildFile; fileRef = BD86C5BE2A1C05860054367E /* RMCharacterViewController.swift */; };
		BD86C5C12A1C05900054367E /* RMLocationViewController.swift in Sources */ = {isa = PBXBuildFile; fileRef = BD86C5C02A1C05900054367E /* RMLocationViewController.swift */; };
		BD86C5C32A1C059A0054367E /* RMEpisodeViewController.swift in Sources */ = {isa = PBXBuildFile; fileRef = BD86C5C22A1C059A0054367E /* RMEpisodeViewController.swift */; };
		BD86C5C52A1C05AD0054367E /* RMSettingsViewController.swift in Sources */ = {isa = PBXBuildFile; fileRef = BD86C5C42A1C05AD0054367E /* RMSettingsViewController.swift */; };
		BDA9A75D2A1E9631000A49D5 /* RMServiceError.swift in Sources */ = {isa = PBXBuildFile; fileRef = BDA9A75C2A1E9631000A49D5 /* RMServiceError.swift */; };
		BDA9A7612A1E9BA9000A49D5 /* RMGetAllCharactersResponse.swift in Sources */ = {isa = PBXBuildFile; fileRef = BDA9A7602A1E9BA9000A49D5 /* RMGetAllCharactersResponse.swift */; };
		BDEA99222A1D27A000DEAB12 /* RMService.swift in Sources */ = {isa = PBXBuildFile; fileRef = BDEA99212A1D27A000DEAB12 /* RMService.swift */; };
		BDEA99242A1D27CC00DEAB12 /* RMRequest.swift in Sources */ = {isa = PBXBuildFile; fileRef = BDEA99232A1D27CC00DEAB12 /* RMRequest.swift */; };
		BDEA99262A1D28F600DEAB12 /* RMEndpoint.swift in Sources */ = {isa = PBXBuildFile; fileRef = BDEA99252A1D28F600DEAB12 /* RMEndpoint.swift */; };
		BDEA99282A1D48B600DEAB12 /* RMOrigin.swift in Sources */ = {isa = PBXBuildFile; fileRef = BDEA99272A1D48B500DEAB12 /* RMOrigin.swift */; };
		BDEA992A2A1D499500DEAB12 /* RMSingleLocation.swift in Sources */ = {isa = PBXBuildFile; fileRef = BDEA99292A1D499500DEAB12 /* RMSingleLocation.swift */; };
		BDEA992D2A1D4A1D00DEAB12 /* RMCharacterStatus.swift in Sources */ = {isa = PBXBuildFile; fileRef = BDEA992C2A1D4A1D00DEAB12 /* RMCharacterStatus.swift */; };
		BDEA992F2A1D4A9E00DEAB12 /* RMCharacterGender.swift in Sources */ = {isa = PBXBuildFile; fileRef = BDEA992E2A1D4A9E00DEAB12 /* RMCharacterGender.swift */; };
/* End PBXBuildFile section */

/* Begin PBXFileReference section */
		BD86C5972A1BFCBB0054367E /* Rick and Morty.app */ = {isa = PBXFileReference; explicitFileType = wrapper.application; includeInIndex = 0; path = "Rick and Morty.app"; sourceTree = BUILT_PRODUCTS_DIR; };
		BD86C59A2A1BFCBB0054367E /* AppDelegate.swift */ = {isa = PBXFileReference; lastKnownFileType = sourcecode.swift; path = AppDelegate.swift; sourceTree = "<group>"; };
		BD86C59C2A1BFCBB0054367E /* SceneDelegate.swift */ = {isa = PBXFileReference; lastKnownFileType = sourcecode.swift; path = SceneDelegate.swift; sourceTree = "<group>"; };
		BD86C59E2A1BFCBB0054367E /* RMTabBarController.swift */ = {isa = PBXFileReference; lastKnownFileType = sourcecode.swift; path = RMTabBarController.swift; sourceTree = "<group>"; };
		BD86C5A32A1BFCBC0054367E /* Assets.xcassets */ = {isa = PBXFileReference; lastKnownFileType = folder.assetcatalog; path = Assets.xcassets; sourceTree = "<group>"; };
		BD86C5A62A1BFCBC0054367E /* Base */ = {isa = PBXFileReference; lastKnownFileType = file.storyboard; name = Base; path = Base.lproj/LaunchScreen.storyboard; sourceTree = "<group>"; };
		BD86C5A82A1BFCBC0054367E /* Info.plist */ = {isa = PBXFileReference; lastKnownFileType = text.plist.xml; path = Info.plist; sourceTree = "<group>"; };
		BD86C5B62A1C04B70054367E /* RMCharacter.swift */ = {isa = PBXFileReference; lastKnownFileType = sourcecode.swift; path = RMCharacter.swift; sourceTree = "<group>"; };
		BD86C5B82A1C04CE0054367E /* RMLocation.swift */ = {isa = PBXFileReference; lastKnownFileType = sourcecode.swift; path = RMLocation.swift; sourceTree = "<group>"; };
		BD86C5BA2A1C04D60054367E /* RMEpisode.swift */ = {isa = PBXFileReference; lastKnownFileType = sourcecode.swift; path = RMEpisode.swift; sourceTree = "<group>"; };
		BD86C5BE2A1C05860054367E /* RMCharacterViewController.swift */ = {isa = PBXFileReference; lastKnownFileType = sourcecode.swift; path = RMCharacterViewController.swift; sourceTree = "<group>"; };
		BD86C5C02A1C05900054367E /* RMLocationViewController.swift */ = {isa = PBXFileReference; lastKnownFileType = sourcecode.swift; path = RMLocationViewController.swift; sourceTree = "<group>"; };
		BD86C5C22A1C059A0054367E /* RMEpisodeViewController.swift */ = {isa = PBXFileReference; lastKnownFileType = sourcecode.swift; path = RMEpisodeViewController.swift; sourceTree = "<group>"; };
		BD86C5C42A1C05AD0054367E /* RMSettingsViewController.swift */ = {isa = PBXFileReference; lastKnownFileType = sourcecode.swift; path = RMSettingsViewController.swift; sourceTree = "<group>"; };
		BDA9A75C2A1E9631000A49D5 /* RMServiceError.swift */ = {isa = PBXFileReference; lastKnownFileType = sourcecode.swift; path = RMServiceError.swift; sourceTree = "<group>"; };
		BDA9A7602A1E9BA9000A49D5 /* RMGetAllCharactersResponse.swift */ = {isa = PBXFileReference; lastKnownFileType = sourcecode.swift; path = RMGetAllCharactersResponse.swift; sourceTree = "<group>"; };
		BDEA99212A1D27A000DEAB12 /* RMService.swift */ = {isa = PBXFileReference; lastKnownFileType = sourcecode.swift; path = RMService.swift; sourceTree = "<group>"; };
		BDEA99232A1D27CC00DEAB12 /* RMRequest.swift */ = {isa = PBXFileReference; lastKnownFileType = sourcecode.swift; path = RMRequest.swift; sourceTree = "<group>"; };
		BDEA99252A1D28F600DEAB12 /* RMEndpoint.swift */ = {isa = PBXFileReference; lastKnownFileType = sourcecode.swift; path = RMEndpoint.swift; sourceTree = "<group>"; };
		BDEA99272A1D48B500DEAB12 /* RMOrigin.swift */ = {isa = PBXFileReference; lastKnownFileType = sourcecode.swift; path = RMOrigin.swift; sourceTree = "<group>"; };
		BDEA99292A1D499500DEAB12 /* RMSingleLocation.swift */ = {isa = PBXFileReference; lastKnownFileType = sourcecode.swift; path = RMSingleLocation.swift; sourceTree = "<group>"; };
		BDEA992C2A1D4A1D00DEAB12 /* RMCharacterStatus.swift */ = {isa = PBXFileReference; lastKnownFileType = sourcecode.swift; path = RMCharacterStatus.swift; sourceTree = "<group>"; };
		BDEA992E2A1D4A9E00DEAB12 /* RMCharacterGender.swift */ = {isa = PBXFileReference; lastKnownFileType = sourcecode.swift; path = RMCharacterGender.swift; sourceTree = "<group>"; };
/* End PBXFileReference section */

/* Begin PBXFrameworksBuildPhase section */
		BD86C5942A1BFCBB0054367E /* Frameworks */ = {
			isa = PBXFrameworksBuildPhase;
			buildActionMask = 2147483647;
			files = (
			);
			runOnlyForDeploymentPostprocessing = 0;
		};
/* End PBXFrameworksBuildPhase section */

/* Begin PBXGroup section */
		BD86C58E2A1BFCBB0054367E = {
			isa = PBXGroup;
			children = (
				BD86C5992A1BFCBB0054367E /* Rick and Morty */,
				BD86C5982A1BFCBB0054367E /* Products */,
			);
			sourceTree = "<group>";
		};
		BD86C5982A1BFCBB0054367E /* Products */ = {
			isa = PBXGroup;
			children = (
				BD86C5972A1BFCBB0054367E /* Rick and Morty.app */,
			);
			name = Products;
			sourceTree = "<group>";
		};
		BD86C5992A1BFCBB0054367E /* Rick and Morty */ = {
			isa = PBXGroup;
			children = (
				BD86C5B52A1C03820054367E /* APIClient */,
				BD86C5B42A1C03720054367E /* Managers */,
				BD86C5B32A1C036B0054367E /* Controllers */,
				BD86C5B22A1C03640054367E /* Resources */,
				BD86C5B12A1C034F0054367E /* ViewModels */,
				BD86C5AF2A1C03390054367E /* Views */,
				BD86C5AE2A1C03330054367E /* Models */,
				BD86C5A82A1BFCBC0054367E /* Info.plist */,
			);
			path = "Rick and Morty";
			sourceTree = "<group>";
		};
		BD86C5AE2A1C03330054367E /* Models */ = {
			isa = PBXGroup;
			children = (
				BDA9A75F2A1E9B8A000A49D5 /* APIResponseTypes */,
				BDA9A75E2A1E9B7B000A49D5 /* DataTypes */,
			);
			path = Models;
			sourceTree = "<group>";
		};
		BD86C5AF2A1C03390054367E /* Views */ = {
			isa = PBXGroup;
			children = (
			);
			path = Views;
			sourceTree = "<group>";
		};
		BD86C5B12A1C034F0054367E /* ViewModels */ = {
			isa = PBXGroup;
			children = (
			);
			path = ViewModels;
			sourceTree = "<group>";
		};
		BD86C5B22A1C03640054367E /* Resources */ = {
			isa = PBXGroup;
			children = (
				BD86C5A32A1BFCBC0054367E /* Assets.xcassets */,
				BD86C5A52A1BFCBC0054367E /* LaunchScreen.storyboard */,
				BD86C59A2A1BFCBB0054367E /* AppDelegate.swift */,
				BD86C59C2A1BFCBB0054367E /* SceneDelegate.swift */,
			);
			path = Resources;
			sourceTree = "<group>";
		};
		BD86C5B32A1C036B0054367E /* Controllers */ = {
			isa = PBXGroup;
			children = (
				BD86C5BC2A1C054D0054367E /* Core */,
			);
			path = Controllers;
			sourceTree = "<group>";
		};
		BD86C5B42A1C03720054367E /* Managers */ = {
			isa = PBXGroup;
			children = (
			);
			path = Managers;
			sourceTree = "<group>";
		};
		BD86C5B52A1C03820054367E /* APIClient */ = {
			isa = PBXGroup;
			children = (
				BDEA99212A1D27A000DEAB12 /* RMService.swift */,
				BDEA99232A1D27CC00DEAB12 /* RMRequest.swift */,
				BDEA99252A1D28F600DEAB12 /* RMEndpoint.swift */,
				BDA9A75C2A1E9631000A49D5 /* RMServiceError.swift */,
			);
			path = APIClient;
			sourceTree = "<group>";
		};
		BD86C5BC2A1C054D0054367E /* Core */ = {
			isa = PBXGroup;
			children = (
				BD86C59E2A1BFCBB0054367E /* RMTabBarController.swift */,
				BD86C5BE2A1C05860054367E /* RMCharacterViewController.swift */,
				BD86C5C02A1C05900054367E /* RMLocationViewController.swift */,
				BD86C5C22A1C059A0054367E /* RMEpisodeViewController.swift */,
				BD86C5C42A1C05AD0054367E /* RMSettingsViewController.swift */,
			);
			path = Core;
			sourceTree = "<group>";
		};
		BDA9A75E2A1E9B7B000A49D5 /* DataTypes */ = {
			isa = PBXGroup;
			children = (
				BD86C5B62A1C04B70054367E /* RMCharacter.swift */,
				BD86C5B82A1C04CE0054367E /* RMLocation.swift */,
				BD86C5BA2A1C04D60054367E /* RMEpisode.swift */,
				BDEA99272A1D48B500DEAB12 /* RMOrigin.swift */,
				BDEA99292A1D499500DEAB12 /* RMSingleLocation.swift */,
				BDEA992C2A1D4A1D00DEAB12 /* RMCharacterStatus.swift */,
				BDEA992E2A1D4A9E00DEAB12 /* RMCharacterGender.swift */,
			);
			path = DataTypes;
			sourceTree = "<group>";
		};
		BDA9A75F2A1E9B8A000A49D5 /* APIResponseTypes */ = {
			isa = PBXGroup;
			children = (
				BDA9A7602A1E9BA9000A49D5 /* RMGetAllCharactersResponse.swift */,
			);
			path = APIResponseTypes;
			sourceTree = "<group>";
		};
/* End PBXGroup section */

/* Begin PBXNativeTarget section */
		BD86C5962A1BFCBB0054367E /* Rick and Morty */ = {
			isa = PBXNativeTarget;
			buildConfigurationList = BD86C5AB2A1BFCBC0054367E /* Build configuration list for PBXNativeTarget "Rick and Morty" */;
			buildPhases = (
				BD86C5932A1BFCBB0054367E /* Sources */,
				BD86C5942A1BFCBB0054367E /* Frameworks */,
				BD86C5952A1BFCBB0054367E /* Resources */,
			);
			buildRules = (
			);
			dependencies = (
			);
			name = "Rick and Morty";
			productName = "Rick and Morty";
			productReference = BD86C5972A1BFCBB0054367E /* Rick and Morty.app */;
			productType = "com.apple.product-type.application";
		};
/* End PBXNativeTarget section */

/* Begin PBXProject section */
		BD86C58F2A1BFCBB0054367E /* Project object */ = {
			isa = PBXProject;
			attributes = {
				BuildIndependentTargetsInParallel = 1;
				LastSwiftUpdateCheck = 1430;
				LastUpgradeCheck = 1430;
				TargetAttributes = {
					BD86C5962A1BFCBB0054367E = {
						CreatedOnToolsVersion = 14.3;
					};
				};
			};
			buildConfigurationList = BD86C5922A1BFCBB0054367E /* Build configuration list for PBXProject "Rick and Morty" */;
			compatibilityVersion = "Xcode 14.0";
			developmentRegion = en;
			hasScannedForEncodings = 0;
			knownRegions = (
				en,
				Base,
			);
			mainGroup = BD86C58E2A1BFCBB0054367E;
			productRefGroup = BD86C5982A1BFCBB0054367E /* Products */;
			projectDirPath = "";
			projectRoot = "";
			targets = (
				BD86C5962A1BFCBB0054367E /* Rick and Morty */,
			);
		};
/* End PBXProject section */

/* Begin PBXResourcesBuildPhase section */
		BD86C5952A1BFCBB0054367E /* Resources */ = {
			isa = PBXResourcesBuildPhase;
			buildActionMask = 2147483647;
			files = (
				BD86C5A72A1BFCBC0054367E /* LaunchScreen.storyboard in Resources */,
				BD86C5A42A1BFCBC0054367E /* Assets.xcassets in Resources */,
			);
			runOnlyForDeploymentPostprocessing = 0;
		};
/* End PBXResourcesBuildPhase section */

/* Begin PBXSourcesBuildPhase section */
		BD86C5932A1BFCBB0054367E /* Sources */ = {
			isa = PBXSourcesBuildPhase;
			buildActionMask = 2147483647;
			files = (
				BDEA99282A1D48B600DEAB12 /* RMOrigin.swift in Sources */,
				BDEA992A2A1D499500DEAB12 /* RMSingleLocation.swift in Sources */,
				BDEA992D2A1D4A1D00DEAB12 /* RMCharacterStatus.swift in Sources */,
				BDEA992F2A1D4A9E00DEAB12 /* RMCharacterGender.swift in Sources */,
				BD86C5C12A1C05900054367E /* RMLocationViewController.swift in Sources */,
				BD86C5BB2A1C04D60054367E /* RMEpisode.swift in Sources */,
				BD86C5B72A1C04B70054367E /* RMCharacter.swift in Sources */,
				BD86C5C32A1C059A0054367E /* RMEpisodeViewController.swift in Sources */,
				BD86C59F2A1BFCBB0054367E /* RMTabBarController.swift in Sources */,
				BD86C5B92A1C04CE0054367E /* RMLocation.swift in Sources */,
				BD86C5C52A1C05AD0054367E /* RMSettingsViewController.swift in Sources */,
				BDA9A75D2A1E9631000A49D5 /* RMServiceError.swift in Sources */,
				BDEA99222A1D27A000DEAB12 /* RMService.swift in Sources */,
				BD86C59B2A1BFCBB0054367E /* AppDelegate.swift in Sources */,
				BDEA99262A1D28F600DEAB12 /* RMEndpoint.swift in Sources */,
				BD86C59D2A1BFCBB0054367E /* SceneDelegate.swift in Sources */,
				BDA9A7612A1E9BA9000A49D5 /* RMGetAllCharactersResponse.swift in Sources */,
				BDEA99242A1D27CC00DEAB12 /* RMRequest.swift in Sources */,
				BD86C5BF2A1C05860054367E /* RMCharacterViewController.swift in Sources */,
			);
			runOnlyForDeploymentPostprocessing = 0;
		};
/* End PBXSourcesBuildPhase section */

/* Begin PBXVariantGroup section */
		BD86C5A52A1BFCBC0054367E /* LaunchScreen.storyboard */ = {
			isa = PBXVariantGroup;
			children = (
				BD86C5A62A1BFCBC0054367E /* Base */,
			);
			name = LaunchScreen.storyboard;
			sourceTree = "<group>";
		};
/* End PBXVariantGroup section */

/* Begin XCBuildConfiguration section */
		BD86C5A92A1BFCBC0054367E /* Debug */ = {
			isa = XCBuildConfiguration;
			buildSettings = {
				ALWAYS_SEARCH_USER_PATHS = NO;
				CLANG_ANALYZER_NONNULL = YES;
				CLANG_ANALYZER_NUMBER_OBJECT_CONVERSION = YES_AGGRESSIVE;
				CLANG_CXX_LANGUAGE_STANDARD = "gnu++20";
				CLANG_ENABLE_MODULES = YES;
				CLANG_ENABLE_OBJC_ARC = YES;
				CLANG_ENABLE_OBJC_WEAK = YES;
				CLANG_WARN_BLOCK_CAPTURE_AUTORELEASING = YES;
				CLANG_WARN_BOOL_CONVERSION = YES;
				CLANG_WARN_COMMA = YES;
				CLANG_WARN_CONSTANT_CONVERSION = YES;
				CLANG_WARN_DEPRECATED_OBJC_IMPLEMENTATIONS = YES;
				CLANG_WARN_DIRECT_OBJC_ISA_USAGE = YES_ERROR;
				CLANG_WARN_DOCUMENTATION_COMMENTS = YES;
				CLANG_WARN_EMPTY_BODY = YES;
				CLANG_WARN_ENUM_CONVERSION = YES;
				CLANG_WARN_INFINITE_RECURSION = YES;
				CLANG_WARN_INT_CONVERSION = YES;
				CLANG_WARN_NON_LITERAL_NULL_CONVERSION = YES;
				CLANG_WARN_OBJC_IMPLICIT_RETAIN_SELF = YES;
				CLANG_WARN_OBJC_LITERAL_CONVERSION = YES;
				CLANG_WARN_OBJC_ROOT_CLASS = YES_ERROR;
				CLANG_WARN_QUOTED_INCLUDE_IN_FRAMEWORK_HEADER = YES;
				CLANG_WARN_RANGE_LOOP_ANALYSIS = YES;
				CLANG_WARN_STRICT_PROTOTYPES = YES;
				CLANG_WARN_SUSPICIOUS_MOVE = YES;
				CLANG_WARN_UNGUARDED_AVAILABILITY = YES_AGGRESSIVE;
				CLANG_WARN_UNREACHABLE_CODE = YES;
				CLANG_WARN__DUPLICATE_METHOD_MATCH = YES;
				COPY_PHASE_STRIP = NO;
				DEBUG_INFORMATION_FORMAT = dwarf;
				ENABLE_STRICT_OBJC_MSGSEND = YES;
				ENABLE_TESTABILITY = YES;
				GCC_C_LANGUAGE_STANDARD = gnu11;
				GCC_DYNAMIC_NO_PIC = NO;
				GCC_NO_COMMON_BLOCKS = YES;
				GCC_OPTIMIZATION_LEVEL = 0;
				GCC_PREPROCESSOR_DEFINITIONS = (
					"DEBUG=1",
					"$(inherited)",
				);
				GCC_WARN_64_TO_32_BIT_CONVERSION = YES;
				GCC_WARN_ABOUT_RETURN_TYPE = YES_ERROR;
				GCC_WARN_UNDECLARED_SELECTOR = YES;
				GCC_WARN_UNINITIALIZED_AUTOS = YES_AGGRESSIVE;
				GCC_WARN_UNUSED_FUNCTION = YES;
				GCC_WARN_UNUSED_VARIABLE = YES;
				IPHONEOS_DEPLOYMENT_TARGET = 16.4;
				MTL_ENABLE_DEBUG_INFO = INCLUDE_SOURCE;
				MTL_FAST_MATH = YES;
				ONLY_ACTIVE_ARCH = YES;
				SDKROOT = iphoneos;
				SWIFT_ACTIVE_COMPILATION_CONDITIONS = DEBUG;
				SWIFT_OPTIMIZATION_LEVEL = "-Onone";
			};
			name = Debug;
		};
		BD86C5AA2A1BFCBC0054367E /* Release */ = {
			isa = XCBuildConfiguration;
			buildSettings = {
				ALWAYS_SEARCH_USER_PATHS = NO;
				CLANG_ANALYZER_NONNULL = YES;
				CLANG_ANALYZER_NUMBER_OBJECT_CONVERSION = YES_AGGRESSIVE;
				CLANG_CXX_LANGUAGE_STANDARD = "gnu++20";
				CLANG_ENABLE_MODULES = YES;
				CLANG_ENABLE_OBJC_ARC = YES;
				CLANG_ENABLE_OBJC_WEAK = YES;
				CLANG_WARN_BLOCK_CAPTURE_AUTORELEASING = YES;
				CLANG_WARN_BOOL_CONVERSION = YES;
				CLANG_WARN_COMMA = YES;
				CLANG_WARN_CONSTANT_CONVERSION = YES;
				CLANG_WARN_DEPRECATED_OBJC_IMPLEMENTATIONS = YES;
				CLANG_WARN_DIRECT_OBJC_ISA_USAGE = YES_ERROR;
				CLANG_WARN_DOCUMENTATION_COMMENTS = YES;
				CLANG_WARN_EMPTY_BODY = YES;
				CLANG_WARN_ENUM_CONVERSION = YES;
				CLANG_WARN_INFINITE_RECURSION = YES;
				CLANG_WARN_INT_CONVERSION = YES;
				CLANG_WARN_NON_LITERAL_NULL_CONVERSION = YES;
				CLANG_WARN_OBJC_IMPLICIT_RETAIN_SELF = YES;
				CLANG_WARN_OBJC_LITERAL_CONVERSION = YES;
				CLANG_WARN_OBJC_ROOT_CLASS = YES_ERROR;
				CLANG_WARN_QUOTED_INCLUDE_IN_FRAMEWORK_HEADER = YES;
				CLANG_WARN_RANGE_LOOP_ANALYSIS = YES;
				CLANG_WARN_STRICT_PROTOTYPES = YES;
				CLANG_WARN_SUSPICIOUS_MOVE = YES;
				CLANG_WARN_UNGUARDED_AVAILABILITY = YES_AGGRESSIVE;
				CLANG_WARN_UNREACHABLE_CODE = YES;
				CLANG_WARN__DUPLICATE_METHOD_MATCH = YES;
				COPY_PHASE_STRIP = NO;
				DEBUG_INFORMATION_FORMAT = "dwarf-with-dsym";
				ENABLE_NS_ASSERTIONS = NO;
				ENABLE_STRICT_OBJC_MSGSEND = YES;
				GCC_C_LANGUAGE_STANDARD = gnu11;
				GCC_NO_COMMON_BLOCKS = YES;
				GCC_WARN_64_TO_32_BIT_CONVERSION = YES;
				GCC_WARN_ABOUT_RETURN_TYPE = YES_ERROR;
				GCC_WARN_UNDECLARED_SELECTOR = YES;
				GCC_WARN_UNINITIALIZED_AUTOS = YES_AGGRESSIVE;
				GCC_WARN_UNUSED_FUNCTION = YES;
				GCC_WARN_UNUSED_VARIABLE = YES;
				IPHONEOS_DEPLOYMENT_TARGET = 16.4;
				MTL_ENABLE_DEBUG_INFO = NO;
				MTL_FAST_MATH = YES;
				SDKROOT = iphoneos;
				SWIFT_COMPILATION_MODE = wholemodule;
				SWIFT_OPTIMIZATION_LEVEL = "-O";
				VALIDATE_PRODUCT = YES;
			};
			name = Release;
		};
		BD86C5AC2A1BFCBC0054367E /* Debug */ = {
			isa = XCBuildConfiguration;
			buildSettings = {
				ASSETCATALOG_COMPILER_APPICON_NAME = AppIcon;
				ASSETCATALOG_COMPILER_GLOBAL_ACCENT_COLOR_NAME = AccentColor;
				CODE_SIGN_STYLE = Automatic;
				CURRENT_PROJECT_VERSION = 1;
				DEVELOPMENT_TEAM = 3B5DUCPRT7;
				GENERATE_INFOPLIST_FILE = YES;
				INFOPLIST_FILE = "Rick and Morty/Info.plist";
				INFOPLIST_KEY_UIApplicationSupportsIndirectInputEvents = YES;
				INFOPLIST_KEY_UILaunchStoryboardName = LaunchScreen;
				INFOPLIST_KEY_UISupportedInterfaceOrientations_iPad = "UIInterfaceOrientationPortrait UIInterfaceOrientationPortraitUpsideDown UIInterfaceOrientationLandscapeLeft UIInterfaceOrientationLandscapeRight";
				INFOPLIST_KEY_UISupportedInterfaceOrientations_iPhone = "UIInterfaceOrientationPortrait UIInterfaceOrientationLandscapeLeft UIInterfaceOrientationLandscapeRight";
				LD_RUNPATH_SEARCH_PATHS = (
					"$(inherited)",
					"@executable_path/Frameworks",
				);
				MARKETING_VERSION = 1.0;
				PRODUCT_BUNDLE_IDENTIFIER = "com.example.Rick-and-Morty";
				PRODUCT_NAME = "$(TARGET_NAME)";
				SWIFT_EMIT_LOC_STRINGS = YES;
				SWIFT_VERSION = 5.0;
				TARGETED_DEVICE_FAMILY = "1,2";
			};
			name = Debug;
		};
		BD86C5AD2A1BFCBC0054367E /* Release */ = {
			isa = XCBuildConfiguration;
			buildSettings = {
				ASSETCATALOG_COMPILER_APPICON_NAME = AppIcon;
				ASSETCATALOG_COMPILER_GLOBAL_ACCENT_COLOR_NAME = AccentColor;
				CODE_SIGN_STYLE = Automatic;
				CURRENT_PROJECT_VERSION = 1;
				DEVELOPMENT_TEAM = 3B5DUCPRT7;
				GENERATE_INFOPLIST_FILE = YES;
				INFOPLIST_FILE = "Rick and Morty/Info.plist";
				INFOPLIST_KEY_UIApplicationSupportsIndirectInputEvents = YES;
				INFOPLIST_KEY_UILaunchStoryboardName = LaunchScreen;
				INFOPLIST_KEY_UISupportedInterfaceOrientations_iPad = "UIInterfaceOrientationPortrait UIInterfaceOrientationPortraitUpsideDown UIInterfaceOrientationLandscapeLeft UIInterfaceOrientationLandscapeRight";
				INFOPLIST_KEY_UISupportedInterfaceOrientations_iPhone = "UIInterfaceOrientationPortrait UIInterfaceOrientationLandscapeLeft UIInterfaceOrientationLandscapeRight";
				LD_RUNPATH_SEARCH_PATHS = (
					"$(inherited)",
					"@executable_path/Frameworks",
				);
				MARKETING_VERSION = 1.0;
				PRODUCT_BUNDLE_IDENTIFIER = "com.example.Rick-and-Morty";
				PRODUCT_NAME = "$(TARGET_NAME)";
				SWIFT_EMIT_LOC_STRINGS = YES;
				SWIFT_VERSION = 5.0;
				TARGETED_DEVICE_FAMILY = "1,2";
			};
			name = Release;
		};
/* End XCBuildConfiguration section */

/* Begin XCConfigurationList section */
		BD86C5922A1BFCBB0054367E /* Build configuration list for PBXProject "Rick and Morty" */ = {
			isa = XCConfigurationList;
			buildConfigurations = (
				BD86C5A92A1BFCBC0054367E /* Debug */,
				BD86C5AA2A1BFCBC0054367E /* Release */,
			);
			defaultConfigurationIsVisible = 0;
			defaultConfigurationName = Release;
		};
		BD86C5AB2A1BFCBC0054367E /* Build configuration list for PBXNativeTarget "Rick and Morty" */ = {
			isa = XCConfigurationList;
			buildConfigurations = (
				BD86C5AC2A1BFCBC0054367E /* Debug */,
				BD86C5AD2A1BFCBC0054367E /* Release */,
			);
			defaultConfigurationIsVisible = 0;
			defaultConfigurationName = Release;
		};
/* End XCConfigurationList section */
	};
	rootObject = BD86C58F2A1BFCBB0054367E /* Project object */;
}
